// !$*UTF8*$!
{
	archiveVersion = 1;
	classes = {
	};
	objectVersion = 48;
	objects = {

/* Begin PBXBuildFile section */
		82174565213D2DAC00C7B60E /* SubWorkoutList.swift in Sources */ = {isa = PBXBuildFile; fileRef = 82174564213D2DAC00C7B60E /* SubWorkoutList.swift */; };
		821799B12112C332009516EA /* IgnoreTouchTest.swift in Sources */ = {isa = PBXBuildFile; fileRef = 821799B02112C332009516EA /* IgnoreTouchTest.swift */; };
		821EF25C21379C9A0032E6A2 /* VideoExercise.swift in Sources */ = {isa = PBXBuildFile; fileRef = 821EF25B21379C9A0032E6A2 /* VideoExercise.swift */; };
		82233E652141351700BB8C49 /* AddCustomizeWorkoutTableViewController.swift in Sources */ = {isa = PBXBuildFile; fileRef = 82233E642141351700BB8C49 /* AddCustomizeWorkoutTableViewController.swift */; };
		82233E672141359800BB8C49 /* AddCustomizeWorkoutTableViewCell.swift in Sources */ = {isa = PBXBuildFile; fileRef = 82233E662141359800BB8C49 /* AddCustomizeWorkoutTableViewCell.swift */; };
		8223CDFE20EA2E9500569D3F /* PlayerViewController.swift in Sources */ = {isa = PBXBuildFile; fileRef = 8223CDFD20EA2E9500569D3F /* PlayerViewController.swift */; };
		82321A9D21466DED0042F2C7 /* CheckListVideo.swift in Sources */ = {isa = PBXBuildFile; fileRef = 82321A9C21466DED0042F2C7 /* CheckListVideo.swift */; };
		82340FD820DCD6BE003079A2 /* AppDelegate.swift in Sources */ = {isa = PBXBuildFile; fileRef = 82340FD720DCD6BE003079A2 /* AppDelegate.swift */; };
		82340FDD20DCD6BE003079A2 /* Main.storyboard in Resources */ = {isa = PBXBuildFile; fileRef = 82340FDB20DCD6BE003079A2 /* Main.storyboard */; };
		82340FE220DCD6BE003079A2 /* LaunchScreen.storyboard in Resources */ = {isa = PBXBuildFile; fileRef = 82340FE020DCD6BE003079A2 /* LaunchScreen.storyboard */; };
		82340FEA20DCDBCC003079A2 /* WorkOutTableViewCell.swift in Sources */ = {isa = PBXBuildFile; fileRef = 82340FE920DCDBCC003079A2 /* WorkOutTableViewCell.swift */; };
		82340FEC20DCE2D0003079A2 /* WorkOutTableViewController.swift in Sources */ = {isa = PBXBuildFile; fileRef = 82340FEB20DCE2D0003079A2 /* WorkOutTableViewController.swift */; };
		82340FEE20DCE9C2003079A2 /* WorkOutVideo.swift in Sources */ = {isa = PBXBuildFile; fileRef = 82340FED20DCE9C2003079A2 /* WorkOutVideo.swift */; };
		823876C221099CDC002A8E62 /* PersonalizeViewController.swift in Sources */ = {isa = PBXBuildFile; fileRef = 823876C121099CDC002A8E62 /* PersonalizeViewController.swift */; };
		823D0D62214F97EF00AB6090 /* LoadingButton.swift in Sources */ = {isa = PBXBuildFile; fileRef = 823D0D61214F97EF00AB6090 /* LoadingButton.swift */; };
		8256309A2143750A0090E9FD /* PlayerViewExercise.swift in Sources */ = {isa = PBXBuildFile; fileRef = 825630992143750A0090E9FD /* PlayerViewExercise.swift */; };
		8256A46B210829C0004F3CF9 /* AudioToolbox.framework in Frameworks */ = {isa = PBXBuildFile; fileRef = 8256A46A210829C0004F3CF9 /* AudioToolbox.framework */; };
		829FBCB720E0E5070052601F /* TabBarViewController.swift in Sources */ = {isa = PBXBuildFile; fileRef = 829FBCB620E0E5070052601F /* TabBarViewController.swift */; };
		82A219D120DF40F900F19132 /* GoogleService-Info.plist in Resources */ = {isa = PBXBuildFile; fileRef = 82A219D020DF40F900F19132 /* GoogleService-Info.plist */; };
		82AF323A21363C9B0064A97D /* Global.swift in Sources */ = {isa = PBXBuildFile; fileRef = 82AF323921363C9B0064A97D /* Global.swift */; };
		82EAC90720EC94B00093386C /* AddWorkoutViewController.swift in Sources */ = {isa = PBXBuildFile; fileRef = 82EAC90620EC94B00093386C /* AddWorkoutViewController.swift */; };
		82EF187C21007ED400685FC4 /* Assets.xcassets in Resources */ = {isa = PBXBuildFile; fileRef = 82EF187B21007ED400685FC4 /* Assets.xcassets */; };
		82F7A706215227EE00EB920B /* Toolbar.swift in Sources */ = {isa = PBXBuildFile; fileRef = 82F7A705215227EE00EB920B /* Toolbar.swift */; };
		82F7A7082152325600EB920B /* NavControllerVideo.swift in Sources */ = {isa = PBXBuildFile; fileRef = 82F7A7072152325600EB920B /* NavControllerVideo.swift */; };
		82F947182109A2AD00947FEB /* NutritionViewController.swift in Sources */ = {isa = PBXBuildFile; fileRef = 82F947172109A2AD00947FEB /* NutritionViewController.swift */; };
		CD5662103D49FA68BDE5AAFD /* Pods_EricTM.framework in Frameworks */ = {isa = PBXBuildFile; fileRef = 04A4D67E757F772902D9E46B /* Pods_EricTM.framework */; };
		CF3BFF6D215CEB2C0025C805 /* UINavigationControllerExtension.swift in Sources */ = {isa = PBXBuildFile; fileRef = CF3BFF6C215CEB2C0025C805 /* UINavigationControllerExtension.swift */; };
/* End PBXBuildFile section */

/* Begin PBXFileReference section */
		04A4D67E757F772902D9E46B /* Pods_EricTM.framework */ = {isa = PBXFileReference; explicitFileType = wrapper.framework; includeInIndex = 0; path = Pods_EricTM.framework; sourceTree = BUILT_PRODUCTS_DIR; };
		20F9D56DC0FCA7593D6DE152 /* Pods-EricTM.release.xcconfig */ = {isa = PBXFileReference; includeInIndex = 1; lastKnownFileType = text.xcconfig; name = "Pods-EricTM.release.xcconfig"; path = "Pods/Target Support Files/Pods-EricTM/Pods-EricTM.release.xcconfig"; sourceTree = "<group>"; };
		247DE3C76EB8E08143B09F16 /* Pods-EricTM.debug.xcconfig */ = {isa = PBXFileReference; includeInIndex = 1; lastKnownFileType = text.xcconfig; name = "Pods-EricTM.debug.xcconfig"; path = "Pods/Target Support Files/Pods-EricTM/Pods-EricTM.debug.xcconfig"; sourceTree = "<group>"; };
		82174564213D2DAC00C7B60E /* SubWorkoutList.swift */ = {isa = PBXFileReference; lastKnownFileType = sourcecode.swift; path = SubWorkoutList.swift; sourceTree = "<group>"; };
		821799B02112C332009516EA /* IgnoreTouchTest.swift */ = {isa = PBXFileReference; lastKnownFileType = sourcecode.swift; path = IgnoreTouchTest.swift; sourceTree = "<group>"; };
		821EF25B21379C9A0032E6A2 /* VideoExercise.swift */ = {isa = PBXFileReference; lastKnownFileType = sourcecode.swift; path = VideoExercise.swift; sourceTree = "<group>"; };
		82233E642141351700BB8C49 /* AddCustomizeWorkoutTableViewController.swift */ = {isa = PBXFileReference; lastKnownFileType = sourcecode.swift; path = AddCustomizeWorkoutTableViewController.swift; sourceTree = "<group>"; };
		82233E662141359800BB8C49 /* AddCustomizeWorkoutTableViewCell.swift */ = {isa = PBXFileReference; lastKnownFileType = sourcecode.swift; path = AddCustomizeWorkoutTableViewCell.swift; sourceTree = "<group>"; };
		8223CDFD20EA2E9500569D3F /* PlayerViewController.swift */ = {isa = PBXFileReference; lastKnownFileType = sourcecode.swift; path = PlayerViewController.swift; sourceTree = "<group>"; };
		82321A9C21466DED0042F2C7 /* CheckListVideo.swift */ = {isa = PBXFileReference; lastKnownFileType = sourcecode.swift; path = CheckListVideo.swift; sourceTree = "<group>"; };
		82340FD420DCD6BE003079A2 /* EricTM.app */ = {isa = PBXFileReference; explicitFileType = wrapper.application; includeInIndex = 0; path = EricTM.app; sourceTree = BUILT_PRODUCTS_DIR; };
		82340FD720DCD6BE003079A2 /* AppDelegate.swift */ = {isa = PBXFileReference; lastKnownFileType = sourcecode.swift; path = AppDelegate.swift; sourceTree = "<group>"; };
		82340FDC20DCD6BE003079A2 /* Base */ = {isa = PBXFileReference; lastKnownFileType = file.storyboard; name = Base; path = Base.lproj/Main.storyboard; sourceTree = "<group>"; };
		82340FE120DCD6BE003079A2 /* Base */ = {isa = PBXFileReference; lastKnownFileType = file.storyboard; name = Base; path = Base.lproj/LaunchScreen.storyboard; sourceTree = "<group>"; };
		82340FE320DCD6BE003079A2 /* Info.plist */ = {isa = PBXFileReference; lastKnownFileType = text.plist.xml; path = Info.plist; sourceTree = "<group>"; };
		82340FE920DCDBCC003079A2 /* WorkOutTableViewCell.swift */ = {isa = PBXFileReference; lastKnownFileType = sourcecode.swift; path = WorkOutTableViewCell.swift; sourceTree = "<group>"; };
		82340FEB20DCE2D0003079A2 /* WorkOutTableViewController.swift */ = {isa = PBXFileReference; lastKnownFileType = sourcecode.swift; path = WorkOutTableViewController.swift; sourceTree = "<group>"; };
		82340FED20DCE9C2003079A2 /* WorkOutVideo.swift */ = {isa = PBXFileReference; lastKnownFileType = sourcecode.swift; path = WorkOutVideo.swift; sourceTree = "<group>"; };
		823876C121099CDC002A8E62 /* PersonalizeViewController.swift */ = {isa = PBXFileReference; lastKnownFileType = sourcecode.swift; path = PersonalizeViewController.swift; sourceTree = "<group>"; };
		823D0D61214F97EF00AB6090 /* LoadingButton.swift */ = {isa = PBXFileReference; lastKnownFileType = sourcecode.swift; path = LoadingButton.swift; sourceTree = "<group>"; };
		825630992143750A0090E9FD /* PlayerViewExercise.swift */ = {isa = PBXFileReference; lastKnownFileType = sourcecode.swift; path = PlayerViewExercise.swift; sourceTree = "<group>"; };
		8256A469210829C0004F3CF9 /* EricTM.entitlements */ = {isa = PBXFileReference; lastKnownFileType = text.plist.entitlements; path = EricTM.entitlements; sourceTree = "<group>"; };
		8256A46A210829C0004F3CF9 /* AudioToolbox.framework */ = {isa = PBXFileReference; lastKnownFileType = wrapper.framework; name = AudioToolbox.framework; path = System/Library/Frameworks/AudioToolbox.framework; sourceTree = SDKROOT; };
		829FBCB620E0E5070052601F /* TabBarViewController.swift */ = {isa = PBXFileReference; lastKnownFileType = sourcecode.swift; path = TabBarViewController.swift; sourceTree = "<group>"; };
		82A219D020DF40F900F19132 /* GoogleService-Info.plist */ = {isa = PBXFileReference; fileEncoding = 4; lastKnownFileType = text.plist.xml; path = "GoogleService-Info.plist"; sourceTree = "<group>"; };
		82AF323921363C9B0064A97D /* Global.swift */ = {isa = PBXFileReference; lastKnownFileType = sourcecode.swift; path = Global.swift; sourceTree = "<group>"; };
		82EAC90620EC94B00093386C /* AddWorkoutViewController.swift */ = {isa = PBXFileReference; lastKnownFileType = sourcecode.swift; path = AddWorkoutViewController.swift; sourceTree = "<group>"; };
		82EF187B21007ED400685FC4 /* Assets.xcassets */ = {isa = PBXFileReference; lastKnownFileType = folder.assetcatalog; path = Assets.xcassets; sourceTree = "<group>"; };
		82F7A705215227EE00EB920B /* Toolbar.swift */ = {isa = PBXFileReference; lastKnownFileType = sourcecode.swift; path = Toolbar.swift; sourceTree = "<group>"; };
		82F7A7072152325600EB920B /* NavControllerVideo.swift */ = {isa = PBXFileReference; lastKnownFileType = sourcecode.swift; path = NavControllerVideo.swift; sourceTree = "<group>"; };
		82F947172109A2AD00947FEB /* NutritionViewController.swift */ = {isa = PBXFileReference; lastKnownFileType = sourcecode.swift; path = NutritionViewController.swift; sourceTree = "<group>"; };
		CF3BFF6C215CEB2C0025C805 /* UINavigationControllerExtension.swift */ = {isa = PBXFileReference; lastKnownFileType = sourcecode.swift; path = UINavigationControllerExtension.swift; sourceTree = "<group>"; };
/* End PBXFileReference section */

/* Begin PBXFrameworksBuildPhase section */
		82340FD120DCD6BE003079A2 /* Frameworks */ = {
			isa = PBXFrameworksBuildPhase;
			buildActionMask = 2147483647;
			files = (
				CD5662103D49FA68BDE5AAFD /* Pods_EricTM.framework in Frameworks */,
				8256A46B210829C0004F3CF9 /* AudioToolbox.framework in Frameworks */,
			);
			runOnlyForDeploymentPostprocessing = 0;
		};
/* End PBXFrameworksBuildPhase section */

/* Begin PBXGroup section */
		4A3B7B2629F92E40B91FBFAC /* Pods */ = {
			isa = PBXGroup;
			children = (
				247DE3C76EB8E08143B09F16 /* Pods-EricTM.debug.xcconfig */,
				20F9D56DC0FCA7593D6DE152 /* Pods-EricTM.release.xcconfig */,
			);
			name = Pods;
			sourceTree = "<group>";
		};
		821127E720FEE51700BF39ED /* Model */ = {
			isa = PBXGroup;
			children = (
				82340FED20DCE9C2003079A2 /* WorkOutVideo.swift */,
				82AF323921363C9B0064A97D /* Global.swift */,
				821EF25B21379C9A0032E6A2 /* VideoExercise.swift */,
				82174564213D2DAC00C7B60E /* SubWorkoutList.swift */,
				823D0D61214F97EF00AB6090 /* LoadingButton.swift */,
				82F7A705215227EE00EB920B /* Toolbar.swift */,
				82F7A7072152325600EB920B /* NavControllerVideo.swift */,
			);
			path = Model;
			sourceTree = "<group>";
		};
		82340FCB20DCD6BE003079A2 = {
			isa = PBXGroup;
			children = (
				CF3BFF6B215CEB060025C805 /* Extensions */,
				82F947162109A29300947FEB /* NutritionView */,
				823876C021099C9D002A8E62 /* Personalize */,
				823876BF21099C8F002A8E62 /* AddWorkoutView */,
				82563098214374610090E9FD /* PlayerViewExercise */,
				82CDE7522101DBA500433D15 /* WorkoutTableView */,
				82CDE7512101DB9000433D15 /* PlayerViewWorkout */,
				821127E720FEE51700BF39ED /* Model */,
				82340FD620DCD6BE003079A2 /* EricTM */,
				82340FD520DCD6BE003079A2 /* Products */,
				4A3B7B2629F92E40B91FBFAC /* Pods */,
				BC9616DE737CF277F7ECF073 /* Frameworks */,
			);
			sourceTree = "<group>";
		};
		82340FD520DCD6BE003079A2 /* Products */ = {
			isa = PBXGroup;
			children = (
				82340FD420DCD6BE003079A2 /* EricTM.app */,
			);
			name = Products;
			sourceTree = "<group>";
		};
		82340FD620DCD6BE003079A2 /* EricTM */ = {
			isa = PBXGroup;
			children = (
				8256A469210829C0004F3CF9 /* EricTM.entitlements */,
				82340FD720DCD6BE003079A2 /* AppDelegate.swift */,
				829FBCB620E0E5070052601F /* TabBarViewController.swift */,
				82A219D020DF40F900F19132 /* GoogleService-Info.plist */,
				82EF187B21007ED400685FC4 /* Assets.xcassets */,
				82340FDB20DCD6BE003079A2 /* Main.storyboard */,
				82340FE020DCD6BE003079A2 /* LaunchScreen.storyboard */,
				82340FE320DCD6BE003079A2 /* Info.plist */,
			);
			path = EricTM;
			sourceTree = "<group>";
		};
		823876BF21099C8F002A8E62 /* AddWorkoutView */ = {
			isa = PBXGroup;
			children = (
				82EAC90620EC94B00093386C /* AddWorkoutViewController.swift */,
				82233E642141351700BB8C49 /* AddCustomizeWorkoutTableViewController.swift */,
				82233E662141359800BB8C49 /* AddCustomizeWorkoutTableViewCell.swift */,
				82321A9C21466DED0042F2C7 /* CheckListVideo.swift */,
			);
			path = AddWorkoutView;
			sourceTree = "<group>";
		};
		823876C021099C9D002A8E62 /* Personalize */ = {
			isa = PBXGroup;
			children = (
				823876C121099CDC002A8E62 /* PersonalizeViewController.swift */,
			);
			path = Personalize;
			sourceTree = "<group>";
		};
		82563098214374610090E9FD /* PlayerViewExercise */ = {
			isa = PBXGroup;
			children = (
				825630992143750A0090E9FD /* PlayerViewExercise.swift */,
			);
			path = PlayerViewExercise;
			sourceTree = "<group>";
		};
		82CDE7512101DB9000433D15 /* PlayerViewWorkout */ = {
			isa = PBXGroup;
			children = (
				8223CDFD20EA2E9500569D3F /* PlayerViewController.swift */,
				821799B02112C332009516EA /* IgnoreTouchTest.swift */,
			);
			path = PlayerViewWorkout;
			sourceTree = "<group>";
		};
		82CDE7522101DBA500433D15 /* WorkoutTableView */ = {
			isa = PBXGroup;
			children = (
				82340FE920DCDBCC003079A2 /* WorkOutTableViewCell.swift */,
				82340FEB20DCE2D0003079A2 /* WorkOutTableViewController.swift */,
			);
			path = WorkoutTableView;
			sourceTree = "<group>";
		};
		82F947162109A29300947FEB /* NutritionView */ = {
			isa = PBXGroup;
			children = (
				82F947172109A2AD00947FEB /* NutritionViewController.swift */,
			);
			path = NutritionView;
			sourceTree = "<group>";
		};
		BC9616DE737CF277F7ECF073 /* Frameworks */ = {
			isa = PBXGroup;
			children = (
				8256A46A210829C0004F3CF9 /* AudioToolbox.framework */,
				04A4D67E757F772902D9E46B /* Pods_EricTM.framework */,
			);
			name = Frameworks;
			sourceTree = "<group>";
		};
		CF3BFF6B215CEB060025C805 /* Extensions */ = {
			isa = PBXGroup;
			children = (
				CF3BFF6C215CEB2C0025C805 /* UINavigationControllerExtension.swift */,
			);
			path = Extensions;
			sourceTree = "<group>";
		};
/* End PBXGroup section */

/* Begin PBXNativeTarget section */
		82340FD320DCD6BE003079A2 /* EricTM */ = {
			isa = PBXNativeTarget;
			buildConfigurationList = 82340FE620DCD6BE003079A2 /* Build configuration list for PBXNativeTarget "EricTM" */;
			buildPhases = (
				B224CA0CFBF2693D922D4104 /* [CP] Check Pods Manifest.lock */,
				82340FD020DCD6BE003079A2 /* Sources */,
				82340FD120DCD6BE003079A2 /* Frameworks */,
				82340FD220DCD6BE003079A2 /* Resources */,
				F3BF28641864163F8E053AB0 /* [CP] Embed Pods Frameworks */,
			);
			buildRules = (
			);
			dependencies = (
			);
			name = EricTM;
			productName = EricTM;
			productReference = 82340FD420DCD6BE003079A2 /* EricTM.app */;
			productType = "com.apple.product-type.application";
		};
/* End PBXNativeTarget section */

/* Begin PBXProject section */
		82340FCC20DCD6BE003079A2 /* Project object */ = {
			isa = PBXProject;
			attributes = {
				LastSwiftUpdateCheck = 0920;
				LastUpgradeCheck = 0940;
				ORGANIZATIONNAME = "Phan Quân";
				TargetAttributes = {
					82340FD320DCD6BE003079A2 = {
						CreatedOnToolsVersion = 9.2;
						LastSwiftMigration = 1000;
						ProvisioningStyle = Automatic;
						SystemCapabilities = {
							com.apple.BackgroundModes = {
								enabled = 1;
							};
							com.apple.InterAppAudio = {
								enabled = 1;
							};
						};
					};
				};
			};
			buildConfigurationList = 82340FCF20DCD6BE003079A2 /* Build configuration list for PBXProject "EricTM" */;
			compatibilityVersion = "Xcode 8.0";
			developmentRegion = en;
			hasScannedForEncodings = 0;
			knownRegions = (
				en,
				Base,
			);
			mainGroup = 82340FCB20DCD6BE003079A2;
			productRefGroup = 82340FD520DCD6BE003079A2 /* Products */;
			projectDirPath = "";
			projectRoot = "";
			targets = (
				82340FD320DCD6BE003079A2 /* EricTM */,
			);
		};
/* End PBXProject section */

/* Begin PBXResourcesBuildPhase section */
		82340FD220DCD6BE003079A2 /* Resources */ = {
			isa = PBXResourcesBuildPhase;
			buildActionMask = 2147483647;
			files = (
				82340FE220DCD6BE003079A2 /* LaunchScreen.storyboard in Resources */,
				82A219D120DF40F900F19132 /* GoogleService-Info.plist in Resources */,
				82340FDD20DCD6BE003079A2 /* Main.storyboard in Resources */,
				82EF187C21007ED400685FC4 /* Assets.xcassets in Resources */,
			);
			runOnlyForDeploymentPostprocessing = 0;
		};
/* End PBXResourcesBuildPhase section */

/* Begin PBXShellScriptBuildPhase section */
		B224CA0CFBF2693D922D4104 /* [CP] Check Pods Manifest.lock */ = {
			isa = PBXShellScriptBuildPhase;
			buildActionMask = 2147483647;
			files = (
			);
			inputPaths = (
				"${PODS_PODFILE_DIR_PATH}/Podfile.lock",
				"${PODS_ROOT}/Manifest.lock",
			);
			name = "[CP] Check Pods Manifest.lock";
			outputPaths = (
				"$(DERIVED_FILE_DIR)/Pods-EricTM-checkManifestLockResult.txt",
			);
			runOnlyForDeploymentPostprocessing = 0;
			shellPath = /bin/sh;
			shellScript = "diff \"${PODS_PODFILE_DIR_PATH}/Podfile.lock\" \"${PODS_ROOT}/Manifest.lock\" > /dev/null\nif [ $? != 0 ] ; then\n    # print error to STDERR\n    echo \"error: The sandbox is not in sync with the Podfile.lock. Run 'pod install' or update your CocoaPods installation.\" >&2\n    exit 1\nfi\n# This output is used by Xcode 'outputs' to avoid re-running this script phase.\necho \"SUCCESS\" > \"${SCRIPT_OUTPUT_FILE_0}\"\n";
			showEnvVarsInLog = 0;
		};
		F3BF28641864163F8E053AB0 /* [CP] Embed Pods Frameworks */ = {
			isa = PBXShellScriptBuildPhase;
			buildActionMask = 12;
			files = (
			);
			inputPaths = (
				"${PODS_ROOT}/Target Support Files/Pods-EricTM/Pods-EricTM-frameworks.sh",
				"${BUILT_PRODUCTS_DIR}/GTMSessionFetcher/GTMSessionFetcher.framework",
				"${BUILT_PRODUCTS_DIR}/GoogleUtilities/GoogleUtilities.framework",
				"${BUILT_PRODUCTS_DIR}/nanopb/nanopb.framework",
			);
			name = "[CP] Embed Pods Frameworks";
			outputPaths = (
				"${TARGET_BUILD_DIR}/${FRAMEWORKS_FOLDER_PATH}/GTMSessionFetcher.framework",
				"${TARGET_BUILD_DIR}/${FRAMEWORKS_FOLDER_PATH}/GoogleUtilities.framework",
				"${TARGET_BUILD_DIR}/${FRAMEWORKS_FOLDER_PATH}/nanopb.framework",
			);
			runOnlyForDeploymentPostprocessing = 0;
			shellPath = /bin/sh;
			shellScript = "\"${PODS_ROOT}/Target Support Files/Pods-EricTM/Pods-EricTM-frameworks.sh\"\n";
			showEnvVarsInLog = 0;
		};
/* End PBXShellScriptBuildPhase section */

/* Begin PBXSourcesBuildPhase section */
		82340FD020DCD6BE003079A2 /* Sources */ = {
			isa = PBXSourcesBuildPhase;
			buildActionMask = 2147483647;
			files = (
				823D0D62214F97EF00AB6090 /* LoadingButton.swift in Sources */,
				8223CDFE20EA2E9500569D3F /* PlayerViewController.swift in Sources */,
				82174565213D2DAC00C7B60E /* SubWorkoutList.swift in Sources */,
				82F947182109A2AD00947FEB /* NutritionViewController.swift in Sources */,
				8256309A2143750A0090E9FD /* PlayerViewExercise.swift in Sources */,
				82233E652141351700BB8C49 /* AddCustomizeWorkoutTableViewController.swift in Sources */,
				82321A9D21466DED0042F2C7 /* CheckListVideo.swift in Sources */,
				82F7A7082152325600EB920B /* NavControllerVideo.swift in Sources */,
				821799B12112C332009516EA /* IgnoreTouchTest.swift in Sources */,
				82EAC90720EC94B00093386C /* AddWorkoutViewController.swift in Sources */,
				823876C221099CDC002A8E62 /* PersonalizeViewController.swift in Sources */,
				82340FD820DCD6BE003079A2 /* AppDelegate.swift in Sources */,
				82233E672141359800BB8C49 /* AddCustomizeWorkoutTableViewCell.swift in Sources */,
				82AF323A21363C9B0064A97D /* Global.swift in Sources */,
				CF3BFF6D215CEB2C0025C805 /* UINavigationControllerExtension.swift in Sources */,
				82340FEC20DCE2D0003079A2 /* WorkOutTableViewController.swift in Sources */,
				82340FEE20DCE9C2003079A2 /* WorkOutVideo.swift in Sources */,
				821EF25C21379C9A0032E6A2 /* VideoExercise.swift in Sources */,
				829FBCB720E0E5070052601F /* TabBarViewController.swift in Sources */,
				82F7A706215227EE00EB920B /* Toolbar.swift in Sources */,
				82340FEA20DCDBCC003079A2 /* WorkOutTableViewCell.swift in Sources */,
			);
			runOnlyForDeploymentPostprocessing = 0;
		};
/* End PBXSourcesBuildPhase section */

/* Begin PBXVariantGroup section */
		82340FDB20DCD6BE003079A2 /* Main.storyboard */ = {
			isa = PBXVariantGroup;
			children = (
				82340FDC20DCD6BE003079A2 /* Base */,
			);
			name = Main.storyboard;
			sourceTree = "<group>";
		};
		82340FE020DCD6BE003079A2 /* LaunchScreen.storyboard */ = {
			isa = PBXVariantGroup;
			children = (
				82340FE120DCD6BE003079A2 /* Base */,
			);
			name = LaunchScreen.storyboard;
			sourceTree = "<group>";
		};
/* End PBXVariantGroup section */

/* Begin XCBuildConfiguration section */
		82340FE420DCD6BE003079A2 /* Debug */ = {
			isa = XCBuildConfiguration;
			buildSettings = {
				ALWAYS_SEARCH_USER_PATHS = NO;
				CLANG_ANALYZER_NONNULL = YES;
				CLANG_ANALYZER_NUMBER_OBJECT_CONVERSION = YES_AGGRESSIVE;
				CLANG_CXX_LANGUAGE_STANDARD = "gnu++14";
				CLANG_CXX_LIBRARY = "libc++";
				CLANG_ENABLE_MODULES = YES;
				CLANG_ENABLE_OBJC_ARC = YES;
				CLANG_WARN_BLOCK_CAPTURE_AUTORELEASING = YES;
				CLANG_WARN_BOOL_CONVERSION = YES;
				CLANG_WARN_COMMA = YES;
				CLANG_WARN_CONSTANT_CONVERSION = YES;
				CLANG_WARN_DEPRECATED_OBJC_IMPLEMENTATIONS = YES;
				CLANG_WARN_DIRECT_OBJC_ISA_USAGE = YES_ERROR;
				CLANG_WARN_DOCUMENTATION_COMMENTS = YES;
				CLANG_WARN_EMPTY_BODY = YES;
				CLANG_WARN_ENUM_CONVERSION = YES;
				CLANG_WARN_INFINITE_RECURSION = YES;
				CLANG_WARN_INT_CONVERSION = YES;
				CLANG_WARN_NON_LITERAL_NULL_CONVERSION = YES;
				CLANG_WARN_OBJC_IMPLICIT_RETAIN_SELF = YES;
				CLANG_WARN_OBJC_LITERAL_CONVERSION = YES;
				CLANG_WARN_OBJC_ROOT_CLASS = YES_ERROR;
				CLANG_WARN_RANGE_LOOP_ANALYSIS = YES;
				CLANG_WARN_STRICT_PROTOTYPES = YES;
				CLANG_WARN_SUSPICIOUS_MOVE = YES;
				CLANG_WARN_UNGUARDED_AVAILABILITY = YES_AGGRESSIVE;
				CLANG_WARN_UNREACHABLE_CODE = YES;
				CLANG_WARN__DUPLICATE_METHOD_MATCH = YES;
				CODE_SIGN_IDENTITY = "iPhone Developer";
				COPY_PHASE_STRIP = NO;
				DEBUG_INFORMATION_FORMAT = dwarf;
				ENABLE_STRICT_OBJC_MSGSEND = YES;
				ENABLE_TESTABILITY = YES;
				GCC_C_LANGUAGE_STANDARD = gnu11;
				GCC_DYNAMIC_NO_PIC = NO;
				GCC_NO_COMMON_BLOCKS = YES;
				GCC_OPTIMIZATION_LEVEL = 0;
				GCC_PREPROCESSOR_DEFINITIONS = (
					"DEBUG=1",
					"$(inherited)",
				);
				GCC_WARN_64_TO_32_BIT_CONVERSION = YES;
				GCC_WARN_ABOUT_RETURN_TYPE = YES_ERROR;
				GCC_WARN_UNDECLARED_SELECTOR = YES;
				GCC_WARN_UNINITIALIZED_AUTOS = YES_AGGRESSIVE;
				GCC_WARN_UNUSED_FUNCTION = YES;
				GCC_WARN_UNUSED_VARIABLE = YES;
				IPHONEOS_DEPLOYMENT_TARGET = 11.0;
				MTL_ENABLE_DEBUG_INFO = YES;
				ONLY_ACTIVE_ARCH = YES;
				SDKROOT = iphoneos;
				SWIFT_ACTIVE_COMPILATION_CONDITIONS = DEBUG;
				SWIFT_OPTIMIZATION_LEVEL = "-Onone";
			};
			name = Debug;
		};
		82340FE520DCD6BE003079A2 /* Release */ = {
			isa = XCBuildConfiguration;
			buildSettings = {
				ALWAYS_SEARCH_USER_PATHS = NO;
				CLANG_ANALYZER_NONNULL = YES;
				CLANG_ANALYZER_NUMBER_OBJECT_CONVERSION = YES_AGGRESSIVE;
				CLANG_CXX_LANGUAGE_STANDARD = "gnu++14";
				CLANG_CXX_LIBRARY = "libc++";
				CLANG_ENABLE_MODULES = YES;
				CLANG_ENABLE_OBJC_ARC = YES;
				CLANG_WARN_BLOCK_CAPTURE_AUTORELEASING = YES;
				CLANG_WARN_BOOL_CONVERSION = YES;
				CLANG_WARN_COMMA = YES;
				CLANG_WARN_CONSTANT_CONVERSION = YES;
				CLANG_WARN_DEPRECATED_OBJC_IMPLEMENTATIONS = YES;
				CLANG_WARN_DIRECT_OBJC_ISA_USAGE = YES_ERROR;
				CLANG_WARN_DOCUMENTATION_COMMENTS = YES;
				CLANG_WARN_EMPTY_BODY = YES;
				CLANG_WARN_ENUM_CONVERSION = YES;
				CLANG_WARN_INFINITE_RECURSION = YES;
				CLANG_WARN_INT_CONVERSION = YES;
				CLANG_WARN_NON_LITERAL_NULL_CONVERSION = YES;
				CLANG_WARN_OBJC_IMPLICIT_RETAIN_SELF = YES;
				CLANG_WARN_OBJC_LITERAL_CONVERSION = YES;
				CLANG_WARN_OBJC_ROOT_CLASS = YES_ERROR;
				CLANG_WARN_RANGE_LOOP_ANALYSIS = YES;
				CLANG_WARN_STRICT_PROTOTYPES = YES;
				CLANG_WARN_SUSPICIOUS_MOVE = YES;
				CLANG_WARN_UNGUARDED_AVAILABILITY = YES_AGGRESSIVE;
				CLANG_WARN_UNREACHABLE_CODE = YES;
				CLANG_WARN__DUPLICATE_METHOD_MATCH = YES;
				CODE_SIGN_IDENTITY = "iPhone Developer";
				COPY_PHASE_STRIP = NO;
				DEBUG_INFORMATION_FORMAT = "dwarf-with-dsym";
				ENABLE_NS_ASSERTIONS = NO;
				ENABLE_STRICT_OBJC_MSGSEND = YES;
				GCC_C_LANGUAGE_STANDARD = gnu11;
				GCC_NO_COMMON_BLOCKS = YES;
				GCC_WARN_64_TO_32_BIT_CONVERSION = YES;
				GCC_WARN_ABOUT_RETURN_TYPE = YES_ERROR;
				GCC_WARN_UNDECLARED_SELECTOR = YES;
				GCC_WARN_UNINITIALIZED_AUTOS = YES_AGGRESSIVE;
				GCC_WARN_UNUSED_FUNCTION = YES;
				GCC_WARN_UNUSED_VARIABLE = YES;
				IPHONEOS_DEPLOYMENT_TARGET = 11.0;
				MTL_ENABLE_DEBUG_INFO = NO;
				SDKROOT = iphoneos;
				SWIFT_OPTIMIZATION_LEVEL = "-Owholemodule";
				VALIDATE_PRODUCT = YES;
			};
			name = Release;
		};
		82340FE720DCD6BE003079A2 /* Debug */ = {
			isa = XCBuildConfiguration;
			baseConfigurationReference = 247DE3C76EB8E08143B09F16 /* Pods-EricTM.debug.xcconfig */;
			buildSettings = {
				ASSETCATALOG_COMPILER_APPICON_NAME = AppIcon;
				CODE_SIGN_ENTITLEMENTS = EricTM/EricTM.entitlements;
				CODE_SIGN_IDENTITY = "iPhone Developer";
				CODE_SIGN_STYLE = Automatic;
				DEVELOPMENT_TEAM = U3ZJ8A8P68;
				INFOPLIST_FILE = EricTM/Info.plist;
				LD_RUNPATH_SEARCH_PATHS = "$(inherited) @executable_path/Frameworks";
				PRODUCT_BUNDLE_IDENTIFIER = com.example.EricTM;
				PRODUCT_NAME = "$(TARGET_NAME)";
				PROVISIONING_PROFILE_SPECIFIER = "";
				SWIFT_VERSION = 4.2;
				TARGETED_DEVICE_FAMILY = "1,2";
			};
			name = Debug;
		};
		82340FE820DCD6BE003079A2 /* Release */ = {
			isa = XCBuildConfiguration;
			baseConfigurationReference = 20F9D56DC0FCA7593D6DE152 /* Pods-EricTM.release.xcconfig */;
			buildSettings = {
				ASSETCATALOG_COMPILER_APPICON_NAME = AppIcon;
				CODE_SIGN_ENTITLEMENTS = EricTM/EricTM.entitlements;
				CODE_SIGN_IDENTITY = "iPhone Developer";
				CODE_SIGN_STYLE = Automatic;
				DEVELOPMENT_TEAM = U3ZJ8A8P68;
				INFOPLIST_FILE = EricTM/Info.plist;
				LD_RUNPATH_SEARCH_PATHS = "$(inherited) @executable_path/Frameworks";
				PRODUCT_BUNDLE_IDENTIFIER = com.example.EricTM;
				PRODUCT_NAME = "$(TARGET_NAME)";
				PROVISIONING_PROFILE_SPECIFIER = "";
				SWIFT_VERSION = 4.2;
				TARGETED_DEVICE_FAMILY = "1,2";
			};
			name = Release;
		};
/* End XCBuildConfiguration section */

/* Begin XCConfigurationList section */
		82340FCF20DCD6BE003079A2 /* Build configuration list for PBXProject "EricTM" */ = {
			isa = XCConfigurationList;
			buildConfigurations = (
				82340FE420DCD6BE003079A2 /* Debug */,
				82340FE520DCD6BE003079A2 /* Release */,
			);
			defaultConfigurationIsVisible = 0;
			defaultConfigurationName = Release;
		};
		82340FE620DCD6BE003079A2 /* Build configuration list for PBXNativeTarget "EricTM" */ = {
			isa = XCConfigurationList;
			buildConfigurations = (
				82340FE720DCD6BE003079A2 /* Debug */,
				82340FE820DCD6BE003079A2 /* Release */,
			);
			defaultConfigurationIsVisible = 0;
			defaultConfigurationName = Release;
		};
/* End XCConfigurationList section */
	};
	rootObject = 82340FCC20DCD6BE003079A2 /* Project object */;
}
